// !$*UTF8*$!
{
	archiveVersion = 1;
	classes = {
	};
	objectVersion = 50;
	objects = {

/* Begin PBXBuildFile section */
		E100450925432DCB005D8922 /* AppDelegate.swift in Sources */ = {isa = PBXBuildFile; fileRef = E100450825432DCB005D8922 /* AppDelegate.swift */; };
		E100450B25432DCB005D8922 /* SceneDelegate.swift in Sources */ = {isa = PBXBuildFile; fileRef = E100450A25432DCB005D8922 /* SceneDelegate.swift */; };
		E100450D25432DCB005D8922 /* ViewController.swift in Sources */ = {isa = PBXBuildFile; fileRef = E100450C25432DCB005D8922 /* ViewController.swift */; };
		E100451025432DCB005D8922 /* Main.storyboard in Resources */ = {isa = PBXBuildFile; fileRef = E100450E25432DCB005D8922 /* Main.storyboard */; };
		E100451225432DCB005D8922 /* Assets.xcassets in Resources */ = {isa = PBXBuildFile; fileRef = E100451125432DCB005D8922 /* Assets.xcassets */; };
		E100451525432DCB005D8922 /* LaunchScreen.storyboard in Resources */ = {isa = PBXBuildFile; fileRef = E100451325432DCB005D8922 /* LaunchScreen.storyboard */; };
		E100452325432E4A005D8922 /* AirBC WatchKit App WatchKit App.app in Embed Watch Content */ = {isa = PBXBuildFile; fileRef = E100452225432E4A005D8922 /* AirBC WatchKit App WatchKit App.app */; settings = {ATTRIBUTES = (RemoveHeadersOnCopy, ); }; };
		E100452925432E4A005D8922 /* Interface.storyboard in Resources */ = {isa = PBXBuildFile; fileRef = E100452725432E4A005D8922 /* Interface.storyboard */; };
		E100452B25432E4A005D8922 /* Assets.xcassets in Resources */ = {isa = PBXBuildFile; fileRef = E100452A25432E4A005D8922 /* Assets.xcassets */; };
		E100453225432E4A005D8922 /* AirBC WatchKit App WatchKit Extension.appex in Embed App Extensions */ = {isa = PBXBuildFile; fileRef = E100453125432E4A005D8922 /* AirBC WatchKit App WatchKit Extension.appex */; settings = {ATTRIBUTES = (RemoveHeadersOnCopy, ); }; };
		E100453925432E4A005D8922 /* ExtensionDelegate.swift in Sources */ = {isa = PBXBuildFile; fileRef = E100453825432E4A005D8922 /* ExtensionDelegate.swift */; };
		E100453B25432E4A005D8922 /* ComplicationController.swift in Sources */ = {isa = PBXBuildFile; fileRef = E100453A25432E4A005D8922 /* ComplicationController.swift */; };
		E100453D25432E4B005D8922 /* Assets.xcassets in Resources */ = {isa = PBXBuildFile; fileRef = E100453C25432E4B005D8922 /* Assets.xcassets */; };
		E100455925432F0C005D8922 /* Flights.json in Resources */ = {isa = PBXBuildFile; fileRef = E100455725432F0C005D8922 /* Flights.json */; };
		E100455A25432F0C005D8922 /* Flight.swift in Sources */ = {isa = PBXBuildFile; fileRef = E100455825432F0C005D8922 /* Flight.swift */; };
		E100456425432F1D005D8922 /* Flights.json in Resources */ = {isa = PBXBuildFile; fileRef = E100455725432F0C005D8922 /* Flights.json */; };
		E100456D25432F23005D8922 /* Flight.swift in Sources */ = {isa = PBXBuildFile; fileRef = E100455825432F0C005D8922 /* Flight.swift */; };
		E10045732543309E005D8922 /* FlightInterfaceController.swift in Sources */ = {isa = PBXBuildFile; fileRef = E10045722543309E005D8922 /* FlightInterfaceController.swift */; };
/* End PBXBuildFile section */

/* Begin PBXContainerItemProxy section */
		E100452425432E4A005D8922 /* PBXContainerItemProxy */ = {
			isa = PBXContainerItemProxy;
			containerPortal = E10044FD25432DCB005D8922 /* Project object */;
			proxyType = 1;
			remoteGlobalIDString = E100452125432E4A005D8922;
			remoteInfo = "AirBC WatchKit App WatchKit App";
		};
		E100453325432E4A005D8922 /* PBXContainerItemProxy */ = {
			isa = PBXContainerItemProxy;
			containerPortal = E10044FD25432DCB005D8922 /* Project object */;
			proxyType = 1;
			remoteGlobalIDString = E100453025432E4A005D8922;
			remoteInfo = "AirBC WatchKit App WatchKit Extension";
		};
/* End PBXContainerItemProxy section */

/* Begin PBXCopyFilesBuildPhase section */
		E100454225432E4B005D8922 /* Embed App Extensions */ = {
			isa = PBXCopyFilesBuildPhase;
			buildActionMask = 2147483647;
			dstPath = "";
			dstSubfolderSpec = 13;
			files = (
				E100453225432E4A005D8922 /* AirBC WatchKit App WatchKit Extension.appex in Embed App Extensions */,
			);
			name = "Embed App Extensions";
			runOnlyForDeploymentPostprocessing = 0;
		};
		E100454625432E4B005D8922 /* Embed Watch Content */ = {
			isa = PBXCopyFilesBuildPhase;
			buildActionMask = 2147483647;
			dstPath = "$(CONTENTS_FOLDER_PATH)/Watch";
			dstSubfolderSpec = 16;
			files = (
				E100452325432E4A005D8922 /* AirBC WatchKit App WatchKit App.app in Embed Watch Content */,
			);
			name = "Embed Watch Content";
			runOnlyForDeploymentPostprocessing = 0;
		};
/* End PBXCopyFilesBuildPhase section */

/* Begin PBXFileReference section */
		E100450525432DCB005D8922 /* AirBC.app */ = {isa = PBXFileReference; explicitFileType = wrapper.application; includeInIndex = 0; path = AirBC.app; sourceTree = BUILT_PRODUCTS_DIR; };
		E100450825432DCB005D8922 /* AppDelegate.swift */ = {isa = PBXFileReference; lastKnownFileType = sourcecode.swift; path = AppDelegate.swift; sourceTree = "<group>"; };
		E100450A25432DCB005D8922 /* SceneDelegate.swift */ = {isa = PBXFileReference; lastKnownFileType = sourcecode.swift; path = SceneDelegate.swift; sourceTree = "<group>"; };
		E100450C25432DCB005D8922 /* ViewController.swift */ = {isa = PBXFileReference; lastKnownFileType = sourcecode.swift; path = ViewController.swift; sourceTree = "<group>"; };
		E100450F25432DCB005D8922 /* Base */ = {isa = PBXFileReference; lastKnownFileType = file.storyboard; name = Base; path = Base.lproj/Main.storyboard; sourceTree = "<group>"; };
		E100451125432DCB005D8922 /* Assets.xcassets */ = {isa = PBXFileReference; lastKnownFileType = folder.assetcatalog; path = Assets.xcassets; sourceTree = "<group>"; };
		E100451425432DCB005D8922 /* Base */ = {isa = PBXFileReference; lastKnownFileType = file.storyboard; name = Base; path = Base.lproj/LaunchScreen.storyboard; sourceTree = "<group>"; };
		E100451625432DCB005D8922 /* Info.plist */ = {isa = PBXFileReference; lastKnownFileType = text.plist.xml; path = Info.plist; sourceTree = "<group>"; };
		E100451F25432E49005D8922 /* AirBC WatchKit App.app */ = {isa = PBXFileReference; explicitFileType = wrapper.application; includeInIndex = 0; path = "AirBC WatchKit App.app"; sourceTree = BUILT_PRODUCTS_DIR; };
		E100452225432E4A005D8922 /* AirBC WatchKit App WatchKit App.app */ = {isa = PBXFileReference; explicitFileType = wrapper.application; includeInIndex = 0; path = "AirBC WatchKit App WatchKit App.app"; sourceTree = BUILT_PRODUCTS_DIR; };
		E100452825432E4A005D8922 /* Base */ = {isa = PBXFileReference; lastKnownFileType = file.storyboard; name = Base; path = Base.lproj/Interface.storyboard; sourceTree = "<group>"; };
		E100452A25432E4A005D8922 /* Assets.xcassets */ = {isa = PBXFileReference; lastKnownFileType = folder.assetcatalog; path = Assets.xcassets; sourceTree = "<group>"; };
		E100452C25432E4A005D8922 /* Info.plist */ = {isa = PBXFileReference; lastKnownFileType = text.plist.xml; path = Info.plist; sourceTree = "<group>"; };
		E100453125432E4A005D8922 /* AirBC WatchKit App WatchKit Extension.appex */ = {isa = PBXFileReference; explicitFileType = "wrapper.app-extension"; includeInIndex = 0; path = "AirBC WatchKit App WatchKit Extension.appex"; sourceTree = BUILT_PRODUCTS_DIR; };
		E100453825432E4A005D8922 /* ExtensionDelegate.swift */ = {isa = PBXFileReference; lastKnownFileType = sourcecode.swift; path = ExtensionDelegate.swift; sourceTree = "<group>"; };
		E100453A25432E4A005D8922 /* ComplicationController.swift */ = {isa = PBXFileReference; lastKnownFileType = sourcecode.swift; path = ComplicationController.swift; sourceTree = "<group>"; };
		E100453C25432E4B005D8922 /* Assets.xcassets */ = {isa = PBXFileReference; lastKnownFileType = folder.assetcatalog; path = Assets.xcassets; sourceTree = "<group>"; };
		E100453E25432E4B005D8922 /* Info.plist */ = {isa = PBXFileReference; lastKnownFileType = text.plist.xml; path = Info.plist; sourceTree = "<group>"; };
		E100455725432F0C005D8922 /* Flights.json */ = {isa = PBXFileReference; fileEncoding = 4; lastKnownFileType = text.json; path = Flights.json; sourceTree = "<group>"; };
		E100455825432F0C005D8922 /* Flight.swift */ = {isa = PBXFileReference; fileEncoding = 4; lastKnownFileType = sourcecode.swift; path = Flight.swift; sourceTree = "<group>"; };
		E10045722543309E005D8922 /* FlightInterfaceController.swift */ = {isa = PBXFileReference; lastKnownFileType = sourcecode.swift; path = FlightInterfaceController.swift; sourceTree = "<group>"; };
/* End PBXFileReference section */

/* Begin PBXFrameworksBuildPhase section */
		E100450225432DCB005D8922 /* Frameworks */ = {
			isa = PBXFrameworksBuildPhase;
			buildActionMask = 2147483647;
			files = (
			);
			runOnlyForDeploymentPostprocessing = 0;
		};
		E100452E25432E4A005D8922 /* Frameworks */ = {
			isa = PBXFrameworksBuildPhase;
			buildActionMask = 2147483647;
			files = (
			);
			runOnlyForDeploymentPostprocessing = 0;
		};
/* End PBXFrameworksBuildPhase section */

/* Begin PBXGroup section */
		E10044FC25432DCB005D8922 = {
			isa = PBXGroup;
			children = (
				E100455625432F0C005D8922 /* Shared */,
				E100450725432DCB005D8922 /* AirBC */,
				E100452625432E4A005D8922 /* AirBC WatchKit App WatchKit App */,
				E100453525432E4A005D8922 /* AirBC WatchKit App WatchKit Extension */,
				E100450625432DCB005D8922 /* Products */,
			);
			sourceTree = "<group>";
		};
		E100450625432DCB005D8922 /* Products */ = {
			isa = PBXGroup;
			children = (
				E100450525432DCB005D8922 /* AirBC.app */,
				E100451F25432E49005D8922 /* AirBC WatchKit App.app */,
				E100452225432E4A005D8922 /* AirBC WatchKit App WatchKit App.app */,
				E100453125432E4A005D8922 /* AirBC WatchKit App WatchKit Extension.appex */,
			);
			name = Products;
			sourceTree = "<group>";
		};
		E100450725432DCB005D8922 /* AirBC */ = {
			isa = PBXGroup;
			children = (
				E100450825432DCB005D8922 /* AppDelegate.swift */,
				E100450A25432DCB005D8922 /* SceneDelegate.swift */,
				E100450C25432DCB005D8922 /* ViewController.swift */,
				E100450E25432DCB005D8922 /* Main.storyboard */,
				E100451125432DCB005D8922 /* Assets.xcassets */,
				E100451325432DCB005D8922 /* LaunchScreen.storyboard */,
				E100451625432DCB005D8922 /* Info.plist */,
			);
			path = AirBC;
			sourceTree = "<group>";
		};
		E100452625432E4A005D8922 /* AirBC WatchKit App WatchKit App */ = {
			isa = PBXGroup;
			children = (
				E100452725432E4A005D8922 /* Interface.storyboard */,
				E100452A25432E4A005D8922 /* Assets.xcassets */,
				E100452C25432E4A005D8922 /* Info.plist */,
			);
			path = "AirBC WatchKit App WatchKit App";
			sourceTree = "<group>";
		};
		E100453525432E4A005D8922 /* AirBC WatchKit App WatchKit Extension */ = {
			isa = PBXGroup;
			children = (
				E10045722543309E005D8922 /* FlightInterfaceController.swift */,
				E100453825432E4A005D8922 /* ExtensionDelegate.swift */,
				E100453A25432E4A005D8922 /* ComplicationController.swift */,
				E100453C25432E4B005D8922 /* Assets.xcassets */,
				E100453E25432E4B005D8922 /* Info.plist */,
			);
			path = "AirBC WatchKit App WatchKit Extension";
			sourceTree = "<group>";
		};
		E100455625432F0C005D8922 /* Shared */ = {
			isa = PBXGroup;
			children = (
				E100455725432F0C005D8922 /* Flights.json */,
				E100455825432F0C005D8922 /* Flight.swift */,
			);
			path = Shared;
			sourceTree = "<group>";
		};
/* End PBXGroup section */

/* Begin PBXNativeTarget section */
		E100450425432DCB005D8922 /* AirBC */ = {
			isa = PBXNativeTarget;
			buildConfigurationList = E100451925432DCB005D8922 /* Build configuration list for PBXNativeTarget "AirBC" */;
			buildPhases = (
				E100450125432DCB005D8922 /* Sources */,
				E100450225432DCB005D8922 /* Frameworks */,
				E100450325432DCB005D8922 /* Resources */,
			);
			buildRules = (
			);
			dependencies = (
			);
			name = AirBC;
			productName = AirBC;
			productReference = E100450525432DCB005D8922 /* AirBC.app */;
			productType = "com.apple.product-type.application";
		};
		E100451E25432E49005D8922 /* AirBC WatchKit App */ = {
			isa = PBXNativeTarget;
			buildConfigurationList = E100454725432E4B005D8922 /* Build configuration list for PBXNativeTarget "AirBC WatchKit App" */;
			buildPhases = (
				E100451D25432E49005D8922 /* Resources */,
				E100454625432E4B005D8922 /* Embed Watch Content */,
			);
			buildRules = (
			);
			dependencies = (
				E100452525432E4A005D8922 /* PBXTargetDependency */,
			);
			name = "AirBC WatchKit App";
			productName = "AirBC WatchKit App";
			productReference = E100451F25432E49005D8922 /* AirBC WatchKit App.app */;
			productType = "com.apple.product-type.application.watchapp2-container";
		};
		E100452125432E4A005D8922 /* AirBC WatchKit App WatchKit App */ = {
			isa = PBXNativeTarget;
			buildConfigurationList = E100454325432E4B005D8922 /* Build configuration list for PBXNativeTarget "AirBC WatchKit App WatchKit App" */;
			buildPhases = (
				E100452025432E4A005D8922 /* Resources */,
				E100454225432E4B005D8922 /* Embed App Extensions */,
			);
			buildRules = (
			);
			dependencies = (
				E100453425432E4A005D8922 /* PBXTargetDependency */,
			);
			name = "AirBC WatchKit App WatchKit App";
			productName = "AirBC WatchKit App WatchKit App";
			productReference = E100452225432E4A005D8922 /* AirBC WatchKit App WatchKit App.app */;
			productType = "com.apple.product-type.application.watchapp2";
		};
		E100453025432E4A005D8922 /* AirBC WatchKit App WatchKit Extension */ = {
			isa = PBXNativeTarget;
			buildConfigurationList = E100453F25432E4B005D8922 /* Build configuration list for PBXNativeTarget "AirBC WatchKit App WatchKit Extension" */;
			buildPhases = (
				E100452D25432E4A005D8922 /* Sources */,
				E100452E25432E4A005D8922 /* Frameworks */,
				E100452F25432E4A005D8922 /* Resources */,
			);
			buildRules = (
			);
			dependencies = (
			);
			name = "AirBC WatchKit App WatchKit Extension";
			productName = "AirBC WatchKit App WatchKit Extension";
			productReference = E100453125432E4A005D8922 /* AirBC WatchKit App WatchKit Extension.appex */;
			productType = "com.apple.product-type.watchkit2-extension";
		};
/* End PBXNativeTarget section */

/* Begin PBXProject section */
		E10044FD25432DCB005D8922 /* Project object */ = {
			isa = PBXProject;
			attributes = {
				LastSwiftUpdateCheck = 1210;
				LastUpgradeCheck = 1210;
				TargetAttributes = {
					E100450425432DCB005D8922 = {
						CreatedOnToolsVersion = 12.1;
					};
					E100451E25432E49005D8922 = {
						CreatedOnToolsVersion = 12.1;
					};
					E100452125432E4A005D8922 = {
						CreatedOnToolsVersion = 12.1;
					};
					E100453025432E4A005D8922 = {
						CreatedOnToolsVersion = 12.1;
					};
				};
			};
			buildConfigurationList = E100450025432DCB005D8922 /* Build configuration list for PBXProject "AirBC" */;
			compatibilityVersion = "Xcode 9.3";
			developmentRegion = en;
			hasScannedForEncodings = 0;
			knownRegions = (
				en,
				Base,
			);
			mainGroup = E10044FC25432DCB005D8922;
			productRefGroup = E100450625432DCB005D8922 /* Products */;
			projectDirPath = "";
			projectRoot = "";
			targets = (
				E100450425432DCB005D8922 /* AirBC */,
				E100451E25432E49005D8922 /* AirBC WatchKit App */,
				E100452125432E4A005D8922 /* AirBC WatchKit App WatchKit App */,
				E100453025432E4A005D8922 /* AirBC WatchKit App WatchKit Extension */,
			);
		};
/* End PBXProject section */

/* Begin PBXResourcesBuildPhase section */
		E100450325432DCB005D8922 /* Resources */ = {
			isa = PBXResourcesBuildPhase;
			buildActionMask = 2147483647;
			files = (
				E100451525432DCB005D8922 /* LaunchScreen.storyboard in Resources */,
				E100455925432F0C005D8922 /* Flights.json in Resources */,
				E100451225432DCB005D8922 /* Assets.xcassets in Resources */,
				E100451025432DCB005D8922 /* Main.storyboard in Resources */,
			);
			runOnlyForDeploymentPostprocessing = 0;
		};
		E100451D25432E49005D8922 /* Resources */ = {
			isa = PBXResourcesBuildPhase;
			buildActionMask = 2147483647;
			files = (
			);
			runOnlyForDeploymentPostprocessing = 0;
		};
		E100452025432E4A005D8922 /* Resources */ = {
			isa = PBXResourcesBuildPhase;
			buildActionMask = 2147483647;
			files = (
				E100452B25432E4A005D8922 /* Assets.xcassets in Resources */,
				E100452925432E4A005D8922 /* Interface.storyboard in Resources */,
			);
			runOnlyForDeploymentPostprocessing = 0;
		};
		E100452F25432E4A005D8922 /* Resources */ = {
			isa = PBXResourcesBuildPhase;
			buildActionMask = 2147483647;
			files = (
				E100453D25432E4B005D8922 /* Assets.xcassets in Resources */,
				E100456425432F1D005D8922 /* Flights.json in Resources */,
			);
			runOnlyForDeploymentPostprocessing = 0;
		};
/* End PBXResourcesBuildPhase section */

/* Begin PBXSourcesBuildPhase section */
		E100450125432DCB005D8922 /* Sources */ = {
			isa = PBXSourcesBuildPhase;
			buildActionMask = 2147483647;
			files = (
				E100450D25432DCB005D8922 /* ViewController.swift in Sources */,
				E100455A25432F0C005D8922 /* Flight.swift in Sources */,
				E100450925432DCB005D8922 /* AppDelegate.swift in Sources */,
				E100450B25432DCB005D8922 /* SceneDelegate.swift in Sources */,
			);
			runOnlyForDeploymentPostprocessing = 0;
		};
		E100452D25432E4A005D8922 /* Sources */ = {
			isa = PBXSourcesBuildPhase;
			buildActionMask = 2147483647;
			files = (
				E100456D25432F23005D8922 /* Flight.swift in Sources */,
				E10045732543309E005D8922 /* FlightInterfaceController.swift in Sources */,
				E100453925432E4A005D8922 /* ExtensionDelegate.swift in Sources */,
				E100453B25432E4A005D8922 /* ComplicationController.swift in Sources */,
			);
			runOnlyForDeploymentPostprocessing = 0;
		};
/* End PBXSourcesBuildPhase section */

/* Begin PBXTargetDependency section */
		E100452525432E4A005D8922 /* PBXTargetDependency */ = {
			isa = PBXTargetDependency;
			target = E100452125432E4A005D8922 /* AirBC WatchKit App WatchKit App */;
			targetProxy = E100452425432E4A005D8922 /* PBXContainerItemProxy */;
		};
		E100453425432E4A005D8922 /* PBXTargetDependency */ = {
			isa = PBXTargetDependency;
			target = E100453025432E4A005D8922 /* AirBC WatchKit App WatchKit Extension */;
			targetProxy = E100453325432E4A005D8922 /* PBXContainerItemProxy */;
		};
/* End PBXTargetDependency section */

/* Begin PBXVariantGroup section */
		E100450E25432DCB005D8922 /* Main.storyboard */ = {
			isa = PBXVariantGroup;
			children = (
				E100450F25432DCB005D8922 /* Base */,
			);
			name = Main.storyboard;
			sourceTree = "<group>";
		};
		E100451325432DCB005D8922 /* LaunchScreen.storyboard */ = {
			isa = PBXVariantGroup;
			children = (
				E100451425432DCB005D8922 /* Base */,
			);
			name = LaunchScreen.storyboard;
			sourceTree = "<group>";
		};
		E100452725432E4A005D8922 /* Interface.storyboard */ = {
			isa = PBXVariantGroup;
			children = (
				E100452825432E4A005D8922 /* Base */,
			);
			name = Interface.storyboard;
			sourceTree = "<group>";
		};
/* End PBXVariantGroup section */

/* Begin XCBuildConfiguration section */
		E100451725432DCB005D8922 /* Debug */ = {
			isa = XCBuildConfiguration;
			buildSettings = {
				ALWAYS_SEARCH_USER_PATHS = NO;
				CLANG_ANALYZER_NONNULL = YES;
				CLANG_ANALYZER_NUMBER_OBJECT_CONVERSION = YES_AGGRESSIVE;
				CLANG_CXX_LANGUAGE_STANDARD = "gnu++14";
				CLANG_CXX_LIBRARY = "libc++";
				CLANG_ENABLE_MODULES = YES;
				CLANG_ENABLE_OBJC_ARC = YES;
				CLANG_ENABLE_OBJC_WEAK = YES;
				CLANG_WARN_BLOCK_CAPTURE_AUTORELEASING = YES;
				CLANG_WARN_BOOL_CONVERSION = YES;
				CLANG_WARN_COMMA = YES;
				CLANG_WARN_CONSTANT_CONVERSION = YES;
				CLANG_WARN_DEPRECATED_OBJC_IMPLEMENTATIONS = YES;
				CLANG_WARN_DIRECT_OBJC_ISA_USAGE = YES_ERROR;
				CLANG_WARN_DOCUMENTATION_COMMENTS = YES;
				CLANG_WARN_EMPTY_BODY = YES;
				CLANG_WARN_ENUM_CONVERSION = YES;
				CLANG_WARN_INFINITE_RECURSION = YES;
				CLANG_WARN_INT_CONVERSION = YES;
				CLANG_WARN_NON_LITERAL_NULL_CONVERSION = YES;
				CLANG_WARN_OBJC_IMPLICIT_RETAIN_SELF = YES;
				CLANG_WARN_OBJC_LITERAL_CONVERSION = YES;
				CLANG_WARN_OBJC_ROOT_CLASS = YES_ERROR;
				CLANG_WARN_QUOTED_INCLUDE_IN_FRAMEWORK_HEADER = YES;
				CLANG_WARN_RANGE_LOOP_ANALYSIS = YES;
				CLANG_WARN_STRICT_PROTOTYPES = YES;
				CLANG_WARN_SUSPICIOUS_MOVE = YES;
				CLANG_WARN_UNGUARDED_AVAILABILITY = YES_AGGRESSIVE;
				CLANG_WARN_UNREACHABLE_CODE = YES;
				CLANG_WARN__DUPLICATE_METHOD_MATCH = YES;
				COPY_PHASE_STRIP = NO;
				DEBUG_INFORMATION_FORMAT = dwarf;
				ENABLE_STRICT_OBJC_MSGSEND = YES;
				ENABLE_TESTABILITY = YES;
				GCC_C_LANGUAGE_STANDARD = gnu11;
				GCC_DYNAMIC_NO_PIC = NO;
				GCC_NO_COMMON_BLOCKS = YES;
				GCC_OPTIMIZATION_LEVEL = 0;
				GCC_PREPROCESSOR_DEFINITIONS = (
					"DEBUG=1",
					"$(inherited)",
				);
				GCC_WARN_64_TO_32_BIT_CONVERSION = YES;
				GCC_WARN_ABOUT_RETURN_TYPE = YES_ERROR;
				GCC_WARN_UNDECLARED_SELECTOR = YES;
				GCC_WARN_UNINITIALIZED_AUTOS = YES_AGGRESSIVE;
				GCC_WARN_UNUSED_FUNCTION = YES;
				GCC_WARN_UNUSED_VARIABLE = YES;
				IPHONEOS_DEPLOYMENT_TARGET = 14.1;
				MTL_ENABLE_DEBUG_INFO = INCLUDE_SOURCE;
				MTL_FAST_MATH = YES;
				ONLY_ACTIVE_ARCH = YES;
				SDKROOT = iphoneos;
				SWIFT_ACTIVE_COMPILATION_CONDITIONS = DEBUG;
				SWIFT_OPTIMIZATION_LEVEL = "-Onone";
			};
			name = Debug;
		};
		E100451825432DCB005D8922 /* Release */ = {
			isa = XCBuildConfiguration;
			buildSettings = {
				ALWAYS_SEARCH_USER_PATHS = NO;
				CLANG_ANALYZER_NONNULL = YES;
				CLANG_ANALYZER_NUMBER_OBJECT_CONVERSION = YES_AGGRESSIVE;
				CLANG_CXX_LANGUAGE_STANDARD = "gnu++14";
				CLANG_CXX_LIBRARY = "libc++";
				CLANG_ENABLE_MODULES = YES;
				CLANG_ENABLE_OBJC_ARC = YES;
				CLANG_ENABLE_OBJC_WEAK = YES;
				CLANG_WARN_BLOCK_CAPTURE_AUTORELEASING = YES;
				CLANG_WARN_BOOL_CONVERSION = YES;
				CLANG_WARN_COMMA = YES;
				CLANG_WARN_CONSTANT_CONVERSION = YES;
				CLANG_WARN_DEPRECATED_OBJC_IMPLEMENTATIONS = YES;
				CLANG_WARN_DIRECT_OBJC_ISA_USAGE = YES_ERROR;
				CLANG_WARN_DOCUMENTATION_COMMENTS = YES;
				CLANG_WARN_EMPTY_BODY = YES;
				CLANG_WARN_ENUM_CONVERSION = YES;
				CLANG_WARN_INFINITE_RECURSION = YES;
				CLANG_WARN_INT_CONVERSION = YES;
				CLANG_WARN_NON_LITERAL_NULL_CONVERSION = YES;
				CLANG_WARN_OBJC_IMPLICIT_RETAIN_SELF = YES;
				CLANG_WARN_OBJC_LITERAL_CONVERSION = YES;
				CLANG_WARN_OBJC_ROOT_CLASS = YES_ERROR;
				CLANG_WARN_QUOTED_INCLUDE_IN_FRAMEWORK_HEADER = YES;
				CLANG_WARN_RANGE_LOOP_ANALYSIS = YES;
				CLANG_WARN_STRICT_PROTOTYPES = YES;
				CLANG_WARN_SUSPICIOUS_MOVE = YES;
				CLANG_WARN_UNGUARDED_AVAILABILITY = YES_AGGRESSIVE;
				CLANG_WARN_UNREACHABLE_CODE = YES;
				CLANG_WARN__DUPLICATE_METHOD_MATCH = YES;
				COPY_PHASE_STRIP = NO;
				DEBUG_INFORMATION_FORMAT = "dwarf-with-dsym";
				ENABLE_NS_ASSERTIONS = NO;
				ENABLE_STRICT_OBJC_MSGSEND = YES;
				GCC_C_LANGUAGE_STANDARD = gnu11;
				GCC_NO_COMMON_BLOCKS = YES;
				GCC_WARN_64_TO_32_BIT_CONVERSION = YES;
				GCC_WARN_ABOUT_RETURN_TYPE = YES_ERROR;
				GCC_WARN_UNDECLARED_SELECTOR = YES;
				GCC_WARN_UNINITIALIZED_AUTOS = YES_AGGRESSIVE;
				GCC_WARN_UNUSED_FUNCTION = YES;
				GCC_WARN_UNUSED_VARIABLE = YES;
				IPHONEOS_DEPLOYMENT_TARGET = 14.1;
				MTL_ENABLE_DEBUG_INFO = NO;
				MTL_FAST_MATH = YES;
				SDKROOT = iphoneos;
				SWIFT_COMPILATION_MODE = wholemodule;
				SWIFT_OPTIMIZATION_LEVEL = "-O";
				VALIDATE_PRODUCT = YES;
			};
			name = Release;
		};
		E100451A25432DCB005D8922 /* Debug */ = {
			isa = XCBuildConfiguration;
			buildSettings = {
				ASSETCATALOG_COMPILER_APPICON_NAME = AppIcon;
				ASSETCATALOG_COMPILER_GLOBAL_ACCENT_COLOR_NAME = AccentColor;
				CODE_SIGN_STYLE = Automatic;
				INFOPLIST_FILE = AirBC/Info.plist;
				LD_RUNPATH_SEARCH_PATHS = (
					"$(inherited)",
					"@executable_path/Frameworks",
				);
				PRODUCT_BUNDLE_IDENTIFIER = com.alvinmatthew.AirBC;
				PRODUCT_NAME = "$(TARGET_NAME)";
				SWIFT_VERSION = 5.0;
				TARGETED_DEVICE_FAMILY = "1,2";
			};
			name = Debug;
		};
		E100451B25432DCB005D8922 /* Release */ = {
			isa = XCBuildConfiguration;
			buildSettings = {
				ASSETCATALOG_COMPILER_APPICON_NAME = AppIcon;
				ASSETCATALOG_COMPILER_GLOBAL_ACCENT_COLOR_NAME = AccentColor;
				CODE_SIGN_STYLE = Automatic;
				INFOPLIST_FILE = AirBC/Info.plist;
				LD_RUNPATH_SEARCH_PATHS = (
					"$(inherited)",
					"@executable_path/Frameworks",
				);
				PRODUCT_BUNDLE_IDENTIFIER = com.alvinmatthew.AirBC;
				PRODUCT_NAME = "$(TARGET_NAME)";
				SWIFT_VERSION = 5.0;
				TARGETED_DEVICE_FAMILY = "1,2";
			};
			name = Release;
		};
		E100454025432E4B005D8922 /* Debug */ = {
			isa = XCBuildConfiguration;
			buildSettings = {
				ASSETCATALOG_COMPILER_COMPLICATION_NAME = Complication;
				CODE_SIGN_STYLE = Automatic;
				INFOPLIST_FILE = "AirBC WatchKit App WatchKit Extension/Info.plist";
				LD_RUNPATH_SEARCH_PATHS = (
					"$(inherited)",
					"@executable_path/Frameworks",
					"@executable_path/../../Frameworks",
				);
				PRODUCT_BUNDLE_IDENTIFIER = com.alvinmatthew.AirBC.watchkitapp.watchkitextension;
				PRODUCT_NAME = "${TARGET_NAME}";
				SDKROOT = watchos;
				SKIP_INSTALL = YES;
				SWIFT_VERSION = 5.0;
				TARGETED_DEVICE_FAMILY = 4;
				WATCHOS_DEPLOYMENT_TARGET = 7.0;
			};
			name = Debug;
		};
		E100454125432E4B005D8922 /* Release */ = {
			isa = XCBuildConfiguration;
			buildSettings = {
				ASSETCATALOG_COMPILER_COMPLICATION_NAME = Complication;
				CODE_SIGN_STYLE = Automatic;
				INFOPLIST_FILE = "AirBC WatchKit App WatchKit Extension/Info.plist";
				LD_RUNPATH_SEARCH_PATHS = (
					"$(inherited)",
					"@executable_path/Frameworks",
					"@executable_path/../../Frameworks",
				);
				PRODUCT_BUNDLE_IDENTIFIER = com.alvinmatthew.AirBC.watchkitapp.watchkitextension;
				PRODUCT_NAME = "${TARGET_NAME}";
				SDKROOT = watchos;
				SKIP_INSTALL = YES;
				SWIFT_VERSION = 5.0;
				TARGETED_DEVICE_FAMILY = 4;
				WATCHOS_DEPLOYMENT_TARGET = 7.0;
			};
			name = Release;
		};
		E100454425432E4B005D8922 /* Debug */ = {
			isa = XCBuildConfiguration;
			buildSettings = {
				ALWAYS_EMBED_SWIFT_STANDARD_LIBRARIES = YES;
				ASSETCATALOG_COMPILER_APPICON_NAME = AppIcon;
				ASSETCATALOG_COMPILER_GLOBAL_ACCENT_COLOR_NAME = AccentColor;
				CODE_SIGN_STYLE = Automatic;
				IBSC_MODULE = AirBC_WatchKit_App_WatchKit_Extension;
				INFOPLIST_FILE = "AirBC WatchKit App WatchKit App/Info.plist";
				PRODUCT_BUNDLE_IDENTIFIER = com.alvinmatthew.AirBC.watchkitapp;
				PRODUCT_NAME = "$(TARGET_NAME)";
				SDKROOT = watchos;
				SKIP_INSTALL = YES;
				SWIFT_VERSION = 5.0;
				TARGETED_DEVICE_FAMILY = 4;
				WATCHOS_DEPLOYMENT_TARGET = 7.0;
			};
			name = Debug;
		};
		E100454525432E4B005D8922 /* Release */ = {
			isa = XCBuildConfiguration;
			buildSettings = {
				ALWAYS_EMBED_SWIFT_STANDARD_LIBRARIES = YES;
				ASSETCATALOG_COMPILER_APPICON_NAME = AppIcon;
				ASSETCATALOG_COMPILER_GLOBAL_ACCENT_COLOR_NAME = AccentColor;
				CODE_SIGN_STYLE = Automatic;
				IBSC_MODULE = AirBC_WatchKit_App_WatchKit_Extension;
				INFOPLIST_FILE = "AirBC WatchKit App WatchKit App/Info.plist";
				PRODUCT_BUNDLE_IDENTIFIER = com.alvinmatthew.AirBC.watchkitapp;
				PRODUCT_NAME = "$(TARGET_NAME)";
				SDKROOT = watchos;
				SKIP_INSTALL = YES;
				SWIFT_VERSION = 5.0;
				TARGETED_DEVICE_FAMILY = 4;
				WATCHOS_DEPLOYMENT_TARGET = 7.0;
			};
			name = Release;
		};
		E100454825432E4B005D8922 /* Debug */ = {
			isa = XCBuildConfiguration;
			buildSettings = {
				CODE_SIGN_STYLE = Automatic;
				CURRENT_PROJECT_VERSION = 1;
				MARKETING_VERSION = 1.0;
				PRODUCT_BUNDLE_IDENTIFIER = "com.alvinmatthew.AirBC-WatchKit-App";
				PRODUCT_NAME = "$(TARGET_NAME)";
				SWIFT_VERSION = 5.0;
			};
			name = Debug;
		};
		E100454925432E4B005D8922 /* Release */ = {
			isa = XCBuildConfiguration;
			buildSettings = {
				CODE_SIGN_STYLE = Automatic;
				CURRENT_PROJECT_VERSION = 1;
				MARKETING_VERSION = 1.0;
				PRODUCT_BUNDLE_IDENTIFIER = "com.alvinmatthew.AirBC-WatchKit-App";
				PRODUCT_NAME = "$(TARGET_NAME)";
				SWIFT_VERSION = 5.0;
			};
			name = Release;
		};
/* End XCBuildConfiguration section */

/* Begin XCConfigurationList section */
		E100450025432DCB005D8922 /* Build configuration list for PBXProject "AirBC" */ = {
			isa = XCConfigurationList;
			buildConfigurations = (
				E100451725432DCB005D8922 /* Debug */,
				E100451825432DCB005D8922 /* Release */,
			);
			defaultConfigurationIsVisible = 0;
			defaultConfigurationName = Release;
		};
		E100451925432DCB005D8922 /* Build configuration list for PBXNativeTarget "AirBC" */ = {
			isa = XCConfigurationList;
			buildConfigurations = (
				E100451A25432DCB005D8922 /* Debug */,
				E100451B25432DCB005D8922 /* Release */,
			);
			defaultConfigurationIsVisible = 0;
			defaultConfigurationName = Release;
		};
		E100453F25432E4B005D8922 /* Build configuration list for PBXNativeTarget "AirBC WatchKit App WatchKit Extension" */ = {
			isa = XCConfigurationList;
			buildConfigurations = (
				E100454025432E4B005D8922 /* Debug */,
				E100454125432E4B005D8922 /* Release */,
			);
			defaultConfigurationIsVisible = 0;
			defaultConfigurationName = Release;
		};
		E100454325432E4B005D8922 /* Build configuration list for PBXNativeTarget "AirBC WatchKit App WatchKit App" */ = {
			isa = XCConfigurationList;
			buildConfigurations = (
				E100454425432E4B005D8922 /* Debug */,
				E100454525432E4B005D8922 /* Release */,
			);
			defaultConfigurationIsVisible = 0;
			defaultConfigurationName = Release;
		};
		E100454725432E4B005D8922 /* Build configuration list for PBXNativeTarget "AirBC WatchKit App" */ = {
			isa = XCConfigurationList;
			buildConfigurations = (
				E100454825432E4B005D8922 /* Debug */,
				E100454925432E4B005D8922 /* Release */,
			);
			defaultConfigurationIsVisible = 0;
			defaultConfigurationName = Release;
		};
/* End XCConfigurationList section */
	};
	rootObject = E10044FD25432DCB005D8922 /* Project object */;
}
